
Microsoft Visual Studio Solution File, Format Version 12.00
# Visual Studio Version 17
VisualStudioVersion = 17.14.37111.16 d17.14
MinimumVisualStudioVersion = 10.0.40219.1
Project("{FAE04EC0-301F-11D3-BF4B-00C04F79EFBC}") = "Ass Code1", "Country_Prj\Ass Code1.csproj", "{CC184016-CE57-4721-BC3A-BE17F2746081}"
EndProject
Global
	GlobalSection(SolutionConfigurationPlatforms) = preSolution
		Debug|Any CPU = Debug|Any CPU
		Release|Any CPU = Release|Any CPU
	EndGlobalSection
	GlobalSection(ProjectConfigurationPlatforms) = postSolution
		{CC184016-CE57-4721-BC3A-BE17F2746081}.Debug|Any CPU.ActiveCfg = Debug|Any CPU
		{CC184016-CE57-4721-BC3A-BE17F2746081}.Debug|Any CPU.Build.0 = Debug|Any CPU
		{CC184016-CE57-4721-BC3A-BE17F2746081}.Release|Any CPU.ActiveCfg = Release|Any CPU
		{CC184016-CE57-4721-BC3A-BE17F2746081}.Release|Any CPU.Build.0 = Release|Any CPU
	EndGlobalSection
	GlobalSection(SolutionProperties) = preSolution
		HideSolutionNode = FALSE
	EndGlobalSection
	GlobalSection(ExtensibilityGlobals) = postSolution
		SolutionGuid = {61A0D2AF-7622-446C-B757-18B3BD1231AC}
	EndGlobalSection
EndGlobal
