
Microsoft Visual Studio Solution File, Format Version 12.00
# Visual Studio Version 17
VisualStudioVersion = 17.14.37111.16
MinimumVisualStudioVersion = 10.0.40219.1
Project("{FAE04EC0-301F-11D3-BF4B-00C04F79EFBC}") = "Assignment 2", "Assignment 2\Assignment 2.csproj", "{F78C2BC5-DEB3-45B6-98B3-F6BDEE1A35F8}"
EndProject
Global
	GlobalSection(SolutionConfigurationPlatforms) = preSolution
		Debug|Any CPU = Debug|Any CPU
		Release|Any CPU = Release|Any CPU
	EndGlobalSection
	GlobalSection(ProjectConfigurationPlatforms) = postSolution
		{F78C2BC5-DEB3-45B6-98B3-F6BDEE1A35F8}.Debug|Any CPU.ActiveCfg = Debug|Any CPU
		{F78C2BC5-DEB3-45B6-98B3-F6BDEE1A35F8}.Debug|Any CPU.Build.0 = Debug|Any CPU
		{F78C2BC5-DEB3-45B6-98B3-F6BDEE1A35F8}.Release|Any CPU.ActiveCfg = Release|Any CPU
		{F78C2BC5-DEB3-45B6-98B3-F6BDEE1A35F8}.Release|Any CPU.Build.0 = Release|Any CPU
	EndGlobalSection
	GlobalSection(SolutionProperties) = preSolution
		HideSolutionNode = FALSE
	EndGlobalSection
	GlobalSection(ExtensibilityGlobals) = postSolution
		SolutionGuid = {93D87E74-5252-4A80-A758-18B1C685CD9F}
	EndGlobalSection
EndGlobal
