
Microsoft Visual Studio Solution File, Format Version 12.00
# Visual Studio Version 17
VisualStudioVersion = 17.14.37111.16 d17.14
MinimumVisualStudioVersion = 10.0.40219.1
Project("{FAE04EC0-301F-11D3-BF4B-00C04F79EFBC}") = "Assignment", "Assignment\Assignment.csproj", "{249960AC-F689-4B69-943A-F82E3457E9D4}"
EndProject
Global
	GlobalSection(SolutionConfigurationPlatforms) = preSolution
		Debug|Any CPU = Debug|Any CPU
		Release|Any CPU = Release|Any CPU
	EndGlobalSection
	GlobalSection(ProjectConfigurationPlatforms) = postSolution
		{249960AC-F689-4B69-943A-F82E3457E9D4}.Debug|Any CPU.ActiveCfg = Debug|Any CPU
		{249960AC-F689-4B69-943A-F82E3457E9D4}.Debug|Any CPU.Build.0 = Debug|Any CPU
		{249960AC-F689-4B69-943A-F82E3457E9D4}.Release|Any CPU.ActiveCfg = Release|Any CPU
		{249960AC-F689-4B69-943A-F82E3457E9D4}.Release|Any CPU.Build.0 = Release|Any CPU
	EndGlobalSection
	GlobalSection(SolutionProperties) = preSolution
		HideSolutionNode = FALSE
	EndGlobalSection
	GlobalSection(ExtensibilityGlobals) = postSolution
		SolutionGuid = {2B5C097F-56F1-4549-977C-44516DBB6E71}
	EndGlobalSection
EndGlobal
