
Microsoft Visual Studio Solution File, Format Version 12.00
# Visual Studio Version 17
VisualStudioVersion = 17.14.37111.16 d17.14
MinimumVisualStudioVersion = 10.0.40219.1
Project("{FAE04EC0-301F-11D3-BF4B-00C04F79EFBC}") = "Assignment5", "Assignment5\Assignment5.csproj", "{2927082F-D6C9-42DA-996D-2A1FE54882A1}"
EndProject
Global
	GlobalSection(SolutionConfigurationPlatforms) = preSolution
		Debug|Any CPU = Debug|Any CPU
		Release|Any CPU = Release|Any CPU
	EndGlobalSection
	GlobalSection(ProjectConfigurationPlatforms) = postSolution
		{2927082F-D6C9-42DA-996D-2A1FE54882A1}.Debug|Any CPU.ActiveCfg = Debug|Any CPU
		{2927082F-D6C9-42DA-996D-2A1FE54882A1}.Debug|Any CPU.Build.0 = Debug|Any CPU
		{2927082F-D6C9-42DA-996D-2A1FE54882A1}.Release|Any CPU.ActiveCfg = Release|Any CPU
		{2927082F-D6C9-42DA-996D-2A1FE54882A1}.Release|Any CPU.Build.0 = Release|Any CPU
	EndGlobalSection
	GlobalSection(SolutionProperties) = preSolution
		HideSolutionNode = FALSE
	EndGlobalSection
	GlobalSection(ExtensibilityGlobals) = postSolution
		SolutionGuid = {51B24E62-0B8E-4001-8E88-2659FF672B6E}
	EndGlobalSection
EndGlobal
