
Microsoft Visual Studio Solution File, Format Version 12.00
# Visual Studio Version 17
VisualStudioVersion = 17.14.37111.16 d17.14
MinimumVisualStudioVersion = 10.0.40219.1
Project("{FAE04EC0-301F-11D3-BF4B-00C04F79EFBC}") = "MVC Code2", "MVC Code2\MVC Code2.csproj", "{9590B9F4-5D42-4943-B781-19139F03F32E}"
EndProject
Global
	GlobalSection(SolutionConfigurationPlatforms) = preSolution
		Debug|Any CPU = Debug|Any CPU
		Release|Any CPU = Release|Any CPU
	EndGlobalSection
	GlobalSection(ProjectConfigurationPlatforms) = postSolution
		{9590B9F4-5D42-4943-B781-19139F03F32E}.Debug|Any CPU.ActiveCfg = Debug|Any CPU
		{9590B9F4-5D42-4943-B781-19139F03F32E}.Debug|Any CPU.Build.0 = Debug|Any CPU
		{9590B9F4-5D42-4943-B781-19139F03F32E}.Release|Any CPU.ActiveCfg = Release|Any CPU
		{9590B9F4-5D42-4943-B781-19139F03F32E}.Release|Any CPU.Build.0 = Release|Any CPU
	EndGlobalSection
	GlobalSection(SolutionProperties) = preSolution
		HideSolutionNode = FALSE
	EndGlobalSection
	GlobalSection(ExtensibilityGlobals) = postSolution
		SolutionGuid = {14EF923C-8FC8-44CE-A19A-CBEEAB09C8BD}
	EndGlobalSection
EndGlobal
